
Microsoft Visual Studio Solution File, Format Version 12.00
# Visual Studio 15
VisualStudioVersion = 15.0.28307.757
MinimumVisualStudioVersion = 10.0.40219.1
Project("{FAE04EC0-301F-11D3-BF4B-00C04F79EFBC}") = "WindownAppAutomationTest", "WindownAppAutomationTest\WindownAppAutomationTest.csproj", "{8D6C7B9D-DE2D-44FE-82F5-8E4F80B8AAE9}"
EndProject
Global
	GlobalSection(SolutionConfigurationPlatforms) = preSolution
		Debug|Any CPU = Debug|Any CPU
		Release|Any CPU = Release|Any CPU
	EndGlobalSection
	GlobalSection(ProjectConfigurationPlatforms) = postSolution
		{8D6C7B9D-DE2D-44FE-82F5-8E4F80B8AAE9}.Debug|Any CPU.ActiveCfg = Debug|Any CPU
		{8D6C7B9D-DE2D-44FE-82F5-8E4F80B8AAE9}.Debug|Any CPU.Build.0 = Debug|Any CPU
		{8D6C7B9D-DE2D-44FE-82F5-8E4F80B8AAE9}.Release|Any CPU.ActiveCfg = Release|Any CPU
		{8D6C7B9D-DE2D-44FE-82F5-8E4F80B8AAE9}.Release|Any CPU.Build.0 = Release|Any CPU
	EndGlobalSection
	GlobalSection(SolutionProperties) = preSolution
		HideSolutionNode = FALSE
	EndGlobalSection
	GlobalSection(ExtensibilityGlobals) = postSolution
		SolutionGuid = {F912AAD4-2E46-4588-B7E9-36D9CDCA85F3}
	EndGlobalSection
EndGlobal
